
Microsoft Visual Studio Solution File, Format Version 12.00
# Visual Studio 15
VisualStudioVersion = 15.0.28307.779
MinimumVisualStudioVersion = 10.0.40219.1
Project("{9A19103F-16F7-4668-BE54-9A1E7A4F7556}") = "LIB_File", "LIB_File\LIB_File.csproj", "{494D777E-DBD0-4DD7-A10D-4703E4241A74}"
EndProject
Project("{FAE04EC0-301F-11D3-BF4B-00C04F79EFBC}") = "CLS_File", "CLS_File\CLS_File.csproj", "{114C5965-FA8C-4D39-832A-DF40CAE9319E}"
EndProject
Project("{FAE04EC0-301F-11D3-BF4B-00C04F79EFBC}") = "WFR_File", "WFR_File\WFR_File.csproj", "{00BA059C-1BF8-4C9C-A3EB-3E5B92BCCD2D}"
EndProject
Global
	GlobalSection(SolutionConfigurationPlatforms) = preSolution
		Debug|Any CPU = Debug|Any CPU
		Release|Any CPU = Release|Any CPU
	EndGlobalSection
	GlobalSection(ProjectConfigurationPlatforms) = postSolution
		{494D777E-DBD0-4DD7-A10D-4703E4241A74}.Debug|Any CPU.ActiveCfg = Debug|Any CPU
		{494D777E-DBD0-4DD7-A10D-4703E4241A74}.Debug|Any CPU.Build.0 = Debug|Any CPU
		{494D777E-DBD0-4DD7-A10D-4703E4241A74}.Release|Any CPU.ActiveCfg = Release|Any CPU
		{494D777E-DBD0-4DD7-A10D-4703E4241A74}.Release|Any CPU.Build.0 = Release|Any CPU
		{114C5965-FA8C-4D39-832A-DF40CAE9319E}.Debug|Any CPU.ActiveCfg = Debug|Any CPU
		{114C5965-FA8C-4D39-832A-DF40CAE9319E}.Debug|Any CPU.Build.0 = Debug|Any CPU
		{114C5965-FA8C-4D39-832A-DF40CAE9319E}.Release|Any CPU.ActiveCfg = Release|Any CPU
		{114C5965-FA8C-4D39-832A-DF40CAE9319E}.Release|Any CPU.Build.0 = Release|Any CPU
		{00BA059C-1BF8-4C9C-A3EB-3E5B92BCCD2D}.Debug|Any CPU.ActiveCfg = Debug|Any CPU
		{00BA059C-1BF8-4C9C-A3EB-3E5B92BCCD2D}.Debug|Any CPU.Build.0 = Debug|Any CPU
		{00BA059C-1BF8-4C9C-A3EB-3E5B92BCCD2D}.Release|Any CPU.ActiveCfg = Release|Any CPU
		{00BA059C-1BF8-4C9C-A3EB-3E5B92BCCD2D}.Release|Any CPU.Build.0 = Release|Any CPU
	EndGlobalSection
	GlobalSection(SolutionProperties) = preSolution
		HideSolutionNode = FALSE
	EndGlobalSection
	GlobalSection(ExtensibilityGlobals) = postSolution
		SolutionGuid = {E08B3959-7B5F-4BFE-B026-5CCA04CF4F7D}
	EndGlobalSection
EndGlobal
